
Microsoft Visual Studio Solution File, Format Version 12.00
# Visual Studio Version 17
VisualStudioVersion = 17.14.36408.4 d17.14
MinimumVisualStudioVersion = 10.0.40219.1
Project("{FAE04EC0-301F-11D3-BF4B-00C04F79EFBC}") = "Day12Lab_Th1", "Day12Lab_Th1\Day12Lab_Th1.csproj", "{89993C34-B42F-4875-9570-33274B8AFC39}"
EndProject
Global
	GlobalSection(SolutionConfigurationPlatforms) = preSolution
		Debug|Any CPU = Debug|Any CPU
		Release|Any CPU = Release|Any CPU
	EndGlobalSection
	GlobalSection(ProjectConfigurationPlatforms) = postSolution
		{89993C34-B42F-4875-9570-33274B8AFC39}.Debug|Any CPU.ActiveCfg = Debug|Any CPU
		{89993C34-B42F-4875-9570-33274B8AFC39}.Debug|Any CPU.Build.0 = Debug|Any CPU
		{89993C34-B42F-4875-9570-33274B8AFC39}.Release|Any CPU.ActiveCfg = Release|Any CPU
		{89993C34-B42F-4875-9570-33274B8AFC39}.Release|Any CPU.Build.0 = Release|Any CPU
	EndGlobalSection
	GlobalSection(SolutionProperties) = preSolution
		HideSolutionNode = FALSE
	EndGlobalSection
	GlobalSection(ExtensibilityGlobals) = postSolution
		SolutionGuid = {ABAD0A20-8921-42A2-A8D8-271CA0752D4C}
	EndGlobalSection
EndGlobal
