
Microsoft Visual Studio Solution File, Format Version 12.00
# Visual Studio Version 17
VisualStudioVersion = 17.14.36408.4 d17.14
MinimumVisualStudioVersion = 10.0.40219.1
Project("{FAE04EC0-301F-11D3-BF4B-00C04F79EFBC}") = "Day12Lab_th2", "Day12Lab_th2\Day12Lab_th2.csproj", "{17D29D2F-D562-4B59-B9C5-D96E21107F6D}"
EndProject
Global
	GlobalSection(SolutionConfigurationPlatforms) = preSolution
		Debug|Any CPU = Debug|Any CPU
		Release|Any CPU = Release|Any CPU
	EndGlobalSection
	GlobalSection(ProjectConfigurationPlatforms) = postSolution
		{17D29D2F-D562-4B59-B9C5-D96E21107F6D}.Debug|Any CPU.ActiveCfg = Debug|Any CPU
		{17D29D2F-D562-4B59-B9C5-D96E21107F6D}.Debug|Any CPU.Build.0 = Debug|Any CPU
		{17D29D2F-D562-4B59-B9C5-D96E21107F6D}.Release|Any CPU.ActiveCfg = Release|Any CPU
		{17D29D2F-D562-4B59-B9C5-D96E21107F6D}.Release|Any CPU.Build.0 = Release|Any CPU
	EndGlobalSection
	GlobalSection(SolutionProperties) = preSolution
		HideSolutionNode = FALSE
	EndGlobalSection
	GlobalSection(ExtensibilityGlobals) = postSolution
		SolutionGuid = {4F14E17C-24DC-4828-81D4-C63CA42D02CD}
	EndGlobalSection
EndGlobal
